{
  "name": "justybaselite-access",
  "version": "1.0.0",
  "lockfileVersion": 3,
  "requires": true,
  "packages": {
    "": {
      "name": "justybaselite-access",
      "version": "1.0.0",
      "license": "Apache-2.0",
      "engines": {
        "node": ">=22.0.0",
        "vscode": "^1.103.2"
      }
    }
  }
}
